// !$*UTF8*$!
{
	archiveVersion = 1;
	classes = {
	};
	objectVersion = 46;
	objects = {

/* Begin PBXBuildFile section */
		42051CD31D1FDA2A0005D18E /* AppDelegate.swift in Sources */ = {isa = PBXBuildFile; fileRef = 42051CD21D1FDA2A0005D18E /* AppDelegate.swift */; };
		42051CD51D1FDA2A0005D18E /* ViewController.swift in Sources */ = {isa = PBXBuildFile; fileRef = 42051CD41D1FDA2A0005D18E /* ViewController.swift */; };
		42051CD81D1FDA2A0005D18E /* Main.storyboard in Resources */ = {isa = PBXBuildFile; fileRef = 42051CD61D1FDA2A0005D18E /* Main.storyboard */; };
		42051CDA1D1FDA2A0005D18E /* Assets.xcassets in Resources */ = {isa = PBXBuildFile; fileRef = 42051CD91D1FDA2A0005D18E /* Assets.xcassets */; };
		42051CDD1D1FDA2A0005D18E /* LaunchScreen.storyboard in Resources */ = {isa = PBXBuildFile; fileRef = 42051CDB1D1FDA2A0005D18E /* LaunchScreen.storyboard */; };
		42051CE61D1FDB4E0005D18E /* LightScene.swift in Sources */ = {isa = PBXBuildFile; fileRef = 42051CE51D1FDB4E0005D18E /* LightScene.swift */; };
		42051CEA1D1FDB820005D18E /* bokeh.png in Resources */ = {isa = PBXBuildFile; fileRef = 42051CE81D1FDB820005D18E /* bokeh.png */; };
		42051CF01D1FE1490005D18E /* Bokeh.sks in Resources */ = {isa = PBXBuildFile; fileRef = 42051CEF1D1FE1490005D18E /* Bokeh.sks */; };
/* End PBXBuildFile section */

/* Begin PBXFileReference section */
		42051CCF1D1FDA2A0005D18E /* SpriteKitWithUIKit.app */ = {isa = PBXFileReference; explicitFileType = wrapper.application; includeInIndex = 0; path = SpriteKitWithUIKit.app; sourceTree = BUILT_PRODUCTS_DIR; };
		42051CD21D1FDA2A0005D18E /* AppDelegate.swift */ = {isa = PBXFileReference; lastKnownFileType = sourcecode.swift; path = AppDelegate.swift; sourceTree = "<group>"; };
		42051CD41D1FDA2A0005D18E /* ViewController.swift */ = {isa = PBXFileReference; lastKnownFileType = sourcecode.swift; path = ViewController.swift; sourceTree = "<group>"; };
		42051CD71D1FDA2A0005D18E /* Base */ = {isa = PBXFileReference; lastKnownFileType = file.storyboard; name = Base; path = Base.lproj/Main.storyboard; sourceTree = "<group>"; };
		42051CD91D1FDA2A0005D18E /* Assets.xcassets */ = {isa = PBXFileReference; lastKnownFileType = folder.assetcatalog; path = Assets.xcassets; sourceTree = "<group>"; };
		42051CDC1D1FDA2A0005D18E /* Base */ = {isa = PBXFileReference; lastKnownFileType = file.storyboard; name = Base; path = Base.lproj/LaunchScreen.storyboard; sourceTree = "<group>"; };
		42051CDE1D1FDA2A0005D18E /* Info.plist */ = {isa = PBXFileReference; lastKnownFileType = text.plist.xml; path = Info.plist; sourceTree = "<group>"; };
		42051CE51D1FDB4E0005D18E /* LightScene.swift */ = {isa = PBXFileReference; fileEncoding = 4; lastKnownFileType = sourcecode.swift; path = LightScene.swift; sourceTree = "<group>"; };
		42051CE81D1FDB820005D18E /* bokeh.png */ = {isa = PBXFileReference; lastKnownFileType = image.png; path = bokeh.png; sourceTree = "<group>"; };
		42051CEF1D1FE1490005D18E /* Bokeh.sks */ = {isa = PBXFileReference; lastKnownFileType = file.sks; path = Bokeh.sks; sourceTree = "<group>"; };
/* End PBXFileReference section */

/* Begin PBXFrameworksBuildPhase section */
		42051CCC1D1FDA2A0005D18E /* Frameworks */ = {
			isa = PBXFrameworksBuildPhase;
			buildActionMask = 2147483647;
			files = (
			);
			runOnlyForDeploymentPostprocessing = 0;
		};
/* End PBXFrameworksBuildPhase section */

/* Begin PBXGroup section */
		42051CC61D1FDA2A0005D18E = {
			isa = PBXGroup;
			children = (
				42051CD11D1FDA2A0005D18E /* SpriteKitWithUIKit */,
				42051CD01D1FDA2A0005D18E /* Products */,
			);
			sourceTree = "<group>";
		};
		42051CD01D1FDA2A0005D18E /* Products */ = {
			isa = PBXGroup;
			children = (
				42051CCF1D1FDA2A0005D18E /* SpriteKitWithUIKit.app */,
			);
			name = Products;
			sourceTree = "<group>";
		};
		42051CD11D1FDA2A0005D18E /* SpriteKitWithUIKit */ = {
			isa = PBXGroup;
			children = (
				42051CD21D1FDA2A0005D18E /* AppDelegate.swift */,
				42051CD41D1FDA2A0005D18E /* ViewController.swift */,
				42051CD61D1FDA2A0005D18E /* Main.storyboard */,
				42051CE41D1FDADC0005D18E /* SpriteKit */,
				42051CD91D1FDA2A0005D18E /* Assets.xcassets */,
				42051CDB1D1FDA2A0005D18E /* LaunchScreen.storyboard */,
				42051CDE1D1FDA2A0005D18E /* Info.plist */,
			);
			path = SpriteKitWithUIKit;
			sourceTree = "<group>";
		};
		42051CE41D1FDADC0005D18E /* SpriteKit */ = {
			isa = PBXGroup;
			children = (
				42051CE51D1FDB4E0005D18E /* LightScene.swift */,
				42051CEF1D1FE1490005D18E /* Bokeh.sks */,
				42051CE81D1FDB820005D18E /* bokeh.png */,
			);
			name = SpriteKit;
			sourceTree = "<group>";
		};
/* End PBXGroup section */

/* Begin PBXNativeTarget section */
		42051CCE1D1FDA2A0005D18E /* SpriteKitWithUIKit */ = {
			isa = PBXNativeTarget;
			buildConfigurationList = 42051CE11D1FDA2A0005D18E /* Build configuration list for PBXNativeTarget "SpriteKitWithUIKit" */;
			buildPhases = (
				42051CCB1D1FDA2A0005D18E /* Sources */,
				42051CCC1D1FDA2A0005D18E /* Frameworks */,
				42051CCD1D1FDA2A0005D18E /* Resources */,
			);
			buildRules = (
			);
			dependencies = (
			);
			name = SpriteKitWithUIKit;
			productName = SpriteKitWithUIKit;
			productReference = 42051CCF1D1FDA2A0005D18E /* SpriteKitWithUIKit.app */;
			productType = "com.apple.product-type.application";
		};
/* End PBXNativeTarget section */

/* Begin PBXProject section */
		42051CC71D1FDA2A0005D18E /* Project object */ = {
			isa = PBXProject;
			attributes = {
				LastSwiftUpdateCheck = 0730;
				LastUpgradeCheck = 0730;
				ORGANIZATIONNAME = "Yusuke Ariyoshi";
				TargetAttributes = {
					42051CCE1D1FDA2A0005D18E = {
						CreatedOnToolsVersion = 7.3.1;
						LastSwiftMigration = 0810;
						ProvisioningStyle = Automatic;
					};
				};
			};
			buildConfigurationList = 42051CCA1D1FDA2A0005D18E /* Build configuration list for PBXProject "SpriteKitWithUIKit" */;
			compatibilityVersion = "Xcode 3.2";
			developmentRegion = English;
			hasScannedForEncodings = 0;
			knownRegions = (
				en,
				Base,
			);
			mainGroup = 42051CC61D1FDA2A0005D18E;
			productRefGroup = 42051CD01D1FDA2A0005D18E /* Products */;
			projectDirPath = "";
			projectRoot = "";
			targets = (
				42051CCE1D1FDA2A0005D18E /* SpriteKitWithUIKit */,
			);
		};
/* End PBXProject section */

/* Begin PBXResourcesBuildPhase section */
		42051CCD1D1FDA2A0005D18E /* Resources */ = {
			isa = PBXResourcesBuildPhase;
			buildActionMask = 2147483647;
			files = (
				42051CEA1D1FDB820005D18E /* bokeh.png in Resources */,
				42051CF01D1FE1490005D18E /* Bokeh.sks in Resources */,
				42051CDD1D1FDA2A0005D18E /* LaunchScreen.storyboard in Resources */,
				42051CDA1D1FDA2A0005D18E /* Assets.xcassets in Resources */,
				42051CD81D1FDA2A0005D18E /* Main.storyboard in Resources */,
			);
			runOnlyForDeploymentPostprocessing = 0;
		};
/* End PBXResourcesBuildPhase section */

/* Begin PBXSourcesBuildPhase section */
		42051CCB1D1FDA2A0005D18E /* Sources */ = {
			isa = PBXSourcesBuildPhase;
			buildActionMask = 2147483647;
			files = (
				42051CD51D1FDA2A0005D18E /* ViewController.swift in Sources */,
				42051CD31D1FDA2A0005D18E /* AppDelegate.swift in Sources */,
				42051CE61D1FDB4E0005D18E /* LightScene.swift in Sources */,
			);
			runOnlyForDeploymentPostprocessing = 0;
		};
/* End PBXSourcesBuildPhase section */

/* Begin PBXVariantGroup section */
		42051CD61D1FDA2A0005D18E /* Main.storyboard */ = {
			isa = PBXVariantGroup;
			children = (
				42051CD71D1FDA2A0005D18E /* Base */,
			);
			name = Main.storyboard;
			sourceTree = "<group>";
		};
		42051CDB1D1FDA2A0005D18E /* LaunchScreen.storyboard */ = {
			isa = PBXVariantGroup;
			children = (
				42051CDC1D1FDA2A0005D18E /* Base */,
			);
			name = LaunchScreen.storyboard;
			sourceTree = "<group>";
		};
/* End PBXVariantGroup section */

/* Begin XCBuildConfiguration section */
		42051CDF1D1FDA2A0005D18E /* Debug */ = {
			isa = XCBuildConfiguration;
			buildSettings = {
				ALWAYS_SEARCH_USER_PATHS = NO;
				CLANG_ANALYZER_NONNULL = YES;
				CLANG_CXX_LANGUAGE_STANDARD = "gnu++0x";
				CLANG_CXX_LIBRARY = "libc++";
				CLANG_ENABLE_MODULES = YES;
				CLANG_ENABLE_OBJC_ARC = YES;
				CLANG_WARN_BOOL_CONVERSION = YES;
				CLANG_WARN_CONSTANT_CONVERSION = YES;
				CLANG_WARN_DIRECT_OBJC_ISA_USAGE = YES_ERROR;
				CLANG_WARN_EMPTY_BODY = YES;
				CLANG_WARN_ENUM_CONVERSION = YES;
				CLANG_WARN_INT_CONVERSION = YES;
				CLANG_WARN_OBJC_ROOT_CLASS = YES_ERROR;
				CLANG_WARN_UNREACHABLE_CODE = YES;
				CLANG_WARN__DUPLICATE_METHOD_MATCH = YES;
				"CODE_SIGN_IDENTITY[sdk=iphoneos*]" = "iPhone Developer";
				COPY_PHASE_STRIP = NO;
				DEBUG_INFORMATION_FORMAT = dwarf;
				ENABLE_STRICT_OBJC_MSGSEND = YES;
				ENABLE_TESTABILITY = YES;
				GCC_C_LANGUAGE_STANDARD = gnu99;
				GCC_DYNAMIC_NO_PIC = NO;
				GCC_NO_COMMON_BLOCKS = YES;
				GCC_OPTIMIZATION_LEVEL = 0;
				GCC_PREPROCESSOR_DEFINITIONS = (
					"DEBUG=1",
					"$(inherited)",
				);
				GCC_WARN_64_TO_32_BIT_CONVERSION = YES;
				GCC_WARN_ABOUT_RETURN_TYPE = YES_ERROR;
				GCC_WARN_UNDECLARED_SELECTOR = YES;
				GCC_WARN_UNINITIALIZED_AUTOS = YES_AGGRESSIVE;
				GCC_WARN_UNUSED_FUNCTION = YES;
				GCC_WARN_UNUSED_VARIABLE = YES;
				IPHONEOS_DEPLOYMENT_TARGET = 9.3;
				MTL_ENABLE_DEBUG_INFO = YES;
				ONLY_ACTIVE_ARCH = YES;
				SDKROOT = iphoneos;
				SWIFT_OPTIMIZATION_LEVEL = "-Onone";
				TARGETED_DEVICE_FAMILY = "1,2";
			};
			name = Debug;
		};
		42051CE01D1FDA2A0005D18E /* Release */ = {
			isa = XCBuildConfiguration;
			buildSettings = {
				ALWAYS_SEARCH_USER_PATHS = NO;
				CLANG_ANALYZER_NONNULL = YES;
				CLANG_CXX_LANGUAGE_STANDARD = "gnu++0x";
				CLANG_CXX_LIBRARY = "libc++";
				CLANG_ENABLE_MODULES = YES;
				CLANG_ENABLE_OBJC_ARC = YES;
				CLANG_WARN_BOOL_CONVERSION = YES;
				CLANG_WARN_CONSTANT_CONVERSION = YES;
				CLANG_WARN_DIRECT_OBJC_ISA_USAGE = YES_ERROR;
				CLANG_WARN_EMPTY_BODY = YES;
				CLANG_WARN_ENUM_CONVERSION = YES;
				CLANG_WARN_INT_CONVERSION = YES;
				CLANG_WARN_OBJC_ROOT_CLASS = YES_ERROR;
				CLANG_WARN_UNREACHABLE_CODE = YES;
				CLANG_WARN__DUPLICATE_METHOD_MATCH = YES;
				"CODE_SIGN_IDENTITY[sdk=iphoneos*]" = "iPhone Developer";
				COPY_PHASE_STRIP = NO;
				DEBUG_INFORMATION_FORMAT = "dwarf-with-dsym";
				ENABLE_NS_ASSERTIONS = NO;
				ENABLE_STRICT_OBJC_MSGSEND = YES;
				GCC_C_LANGUAGE_STANDARD = gnu99;
				GCC_NO_COMMON_BLOCKS = YES;
				GCC_WARN_64_TO_32_BIT_CONVERSION = YES;
				GCC_WARN_ABOUT_RETURN_TYPE = YES_ERROR;
				GCC_WARN_UNDECLARED_SELECTOR = YES;
				GCC_WARN_UNINITIALIZED_AUTOS = YES_AGGRESSIVE;
				GCC_WARN_UNUSED_FUNCTION = YES;
				GCC_WARN_UNUSED_VARIABLE = YES;
				IPHONEOS_DEPLOYMENT_TARGET = 9.3;
				MTL_ENABLE_DEBUG_INFO = NO;
				SDKROOT = iphoneos;
				TARGETED_DEVICE_FAMILY = "1,2";
				VALIDATE_PRODUCT = YES;
			};
			name = Release;
		};
		42051CE21D1FDA2A0005D18E /* Debug */ = {
			isa = XCBuildConfiguration;
			buildSettings = {
				ASSETCATALOG_COMPILER_APPICON_NAME = AppIcon;
				CODE_SIGN_IDENTITY = "iPhone Developer";
				"CODE_SIGN_IDENTITY[sdk=iphoneos*]" = "iPhone Developer";
				DEVELOPMENT_TEAM = "";
				INFOPLIST_FILE = SpriteKitWithUIKit/Info.plist;
				LD_RUNPATH_SEARCH_PATHS = "$(inherited) @executable_path/Frameworks";
				PRODUCT_BUNDLE_IDENTIFIER = com.ariiyu.SpriteKitWithUIKit;
				PRODUCT_NAME = "$(TARGET_NAME)";
				SWIFT_VERSION = 3.0;
			};
			name = Debug;
		};
		42051CE31D1FDA2A0005D18E /* Release */ = {
			isa = XCBuildConfiguration;
			buildSettings = {
				ASSETCATALOG_COMPILER_APPICON_NAME = AppIcon;
				CODE_SIGN_IDENTITY = "iPhone Developer";
				"CODE_SIGN_IDENTITY[sdk=iphoneos*]" = "iPhone Developer";
				DEVELOPMENT_TEAM = "";
				INFOPLIST_FILE = SpriteKitWithUIKit/Info.plist;
				LD_RUNPATH_SEARCH_PATHS = "$(inherited) @executable_path/Frameworks";
				PRODUCT_BUNDLE_IDENTIFIER = com.ariiyu.SpriteKitWithUIKit;
				PRODUCT_NAME = "$(TARGET_NAME)";
				SWIFT_VERSION = 3.0;
			};
			name = Release;
		};
/* End XCBuildConfiguration section */

/* Begin XCConfigurationList section */
		42051CCA1D1FDA2A0005D18E /* Build configuration list for PBXProject "SpriteKitWithUIKit" */ = {
			isa = XCConfigurationList;
			buildConfigurations = (
				42051CDF1D1FDA2A0005D18E /* Debug */,
				42051CE01D1FDA2A0005D18E /* Release */,
			);
			defaultConfigurationIsVisible = 0;
			defaultConfigurationName = Release;
		};
		42051CE11D1FDA2A0005D18E /* Build configuration list for PBXNativeTarget "SpriteKitWithUIKit" */ = {
			isa = XCConfigurationList;
			buildConfigurations = (
				42051CE21D1FDA2A0005D18E /* Debug */,
				42051CE31D1FDA2A0005D18E /* Release */,
			);
			defaultConfigurationIsVisible = 0;
			defaultConfigurationName = Release;
		};
/* End XCConfigurationList section */
	};
	rootObject = 42051CC71D1FDA2A0005D18E /* Project object */;
}
